
Microsoft Visual Studio Solution File, Format Version 12.00
# Visual Studio Version 17
VisualStudioVersion = 17.2.32602.215
MinimumVisualStudioVersion = 10.0.40219.1
Project("{FAE04EC0-301F-11D3-BF4B-00C04F79EFBC}") = "EstudiantesApp", "EstudiantesApp.csproj", "{75F88418-B73D-48DC-A722-06976DFC5949}"
EndProject
Global
	GlobalSection(SolutionConfigurationPlatforms) = preSolution
		Debug|Any CPU = Debug|Any CPU
		Release|Any CPU = Release|Any CPU
	EndGlobalSection
	GlobalSection(ProjectConfigurationPlatforms) = postSolution
		{75F88418-B73D-48DC-A722-06976DFC5949}.Debug|Any CPU.ActiveCfg = Debug|Any CPU
		{75F88418-B73D-48DC-A722-06976DFC5949}.Debug|Any CPU.Build.0 = Debug|Any CPU
		{75F88418-B73D-48DC-A722-06976DFC5949}.Release|Any CPU.ActiveCfg = Release|Any CPU
		{75F88418-B73D-48DC-A722-06976DFC5949}.Release|Any CPU.Build.0 = Release|Any CPU
	EndGlobalSection
	GlobalSection(SolutionProperties) = preSolution
		HideSolutionNode = FALSE
	EndGlobalSection
	GlobalSection(ExtensibilityGlobals) = postSolution
		SolutionGuid = {6BEF1ABD-646A-4CAA-A303-7D275046158B}
	EndGlobalSection
EndGlobal
